
Microsoft Visual Studio Solution File, Format Version 12.00
# Visual Studio Version 17
VisualStudioVersion = 17.0.32014.148
MinimumVisualStudioVersion = 10.0.40219.1
Project("{FAE04EC0-301F-11D3-BF4B-00C04F79EFBC}") = "odev-22.12.2022", "odev-22.12.2022\odev-22.12.2022.csproj", "{F9C98C93-2219-4761-8C8A-A484D7CC6BFD}"
EndProject
Global
	GlobalSection(SolutionConfigurationPlatforms) = preSolution
		Debug|Any CPU = Debug|Any CPU
		Release|Any CPU = Release|Any CPU
	EndGlobalSection
	GlobalSection(ProjectConfigurationPlatforms) = postSolution
		{F9C98C93-2219-4761-8C8A-A484D7CC6BFD}.Debug|Any CPU.ActiveCfg = Debug|Any CPU
		{F9C98C93-2219-4761-8C8A-A484D7CC6BFD}.Debug|Any CPU.Build.0 = Debug|Any CPU
		{F9C98C93-2219-4761-8C8A-A484D7CC6BFD}.Release|Any CPU.ActiveCfg = Release|Any CPU
		{F9C98C93-2219-4761-8C8A-A484D7CC6BFD}.Release|Any CPU.Build.0 = Release|Any CPU
	EndGlobalSection
	GlobalSection(SolutionProperties) = preSolution
		HideSolutionNode = FALSE
	EndGlobalSection
	GlobalSection(ExtensibilityGlobals) = postSolution
		SolutionGuid = {CB45D34F-B813-405F-8150-5BB732088B1B}
	EndGlobalSection
EndGlobal
